
Microsoft Visual Studio Solution File, Format Version 12.00
# Visual Studio Version 17
VisualStudioVersion = 17.0.32112.339
MinimumVisualStudioVersion = 10.0.40219.1
Project("{9A19103F-16F7-4668-BE54-9A1E7A4F7556}") = "Hippo.Web", "Hippo.Web\Hippo.Web.csproj", "{0A9C323F-977B-4606-ADC6-28EC1CD648D3}"
EndProject
Project("{9A19103F-16F7-4668-BE54-9A1E7A4F7556}") = "Hippo.Core", "Hippo.Core\Hippo.Core.csproj", "{61C74DB3-AD7C-42EF-AEA5-486A268ED421}"
EndProject
Project("{9A19103F-16F7-4668-BE54-9A1E7A4F7556}") = "Test", "Test\Test.csproj", "{0F7FF414-EC7A-4006-849C-5A8804DF6FCD}"
EndProject
Project("{2150E333-8FDC-42A3-9474-1A3956D46DE8}") = "Solution Items", "Solution Items", "{EED476FD-1A0C-4537-B1E2-98AFD8E40896}"
	ProjectSection(SolutionItems) = preProject
		.gitignore = .gitignore
		azure-pipelines-web.yml = azure-pipelines-web.yml
		CODEOWNERS = CODEOWNERS
		LICENSE = LICENSE
		README.md = README.md
	EndProjectSection
EndProject
Project("{9A19103F-16F7-4668-BE54-9A1E7A4F7556}") = "Hippo.Jobs.Core", "Hippo.Jobs.Core\Hippo.Jobs.Core.csproj", "{A209A012-28D5-4022-AFEF-8BC7415234C0}"
EndProject
Project("{9A19103F-16F7-4668-BE54-9A1E7A4F7556}") = "Hippo.Jobs.PuppetSync", "Hippo.Jobs.PuppetSync\Hippo.Jobs.PuppetSync.csproj", "{8CC5F984-8298-4592-A1D9-CDA147A2D7C3}"
EndProject
Project("{9A19103F-16F7-4668-BE54-9A1E7A4F7556}") = "Hippo.Jobs.OrderProcess", "Hippo.Jobs.OrderProcess\Hippo.Jobs.OrderProcess.csproj", "{78FAF686-A9B2-4894-8275-9F1730056A62}"
EndProject
Project("{9A19103F-16F7-4668-BE54-9A1E7A4F7556}") = "Hippo.Jobs.Notifications", "Hippo.Jobs.Notifications\Hippo.Jobs.Notifications.csproj", "{FBE36608-84E7-47E2-AA3E-F382D78EC7A3}"
EndProject
Global
	GlobalSection(SolutionConfigurationPlatforms) = preSolution
		Debug|Any CPU = Debug|Any CPU
		Release|Any CPU = Release|Any CPU
	EndGlobalSection
	GlobalSection(ProjectConfigurationPlatforms) = postSolution
		{0A9C323F-977B-4606-ADC6-28EC1CD648D3}.Debug|Any CPU.ActiveCfg = Debug|Any CPU
		{0A9C323F-977B-4606-ADC6-28EC1CD648D3}.Debug|Any CPU.Build.0 = Debug|Any CPU
		{0A9C323F-977B-4606-ADC6-28EC1CD648D3}.Release|Any CPU.ActiveCfg = Release|Any CPU
		{0A9C323F-977B-4606-ADC6-28EC1CD648D3}.Release|Any CPU.Build.0 = Release|Any CPU
		{61C74DB3-AD7C-42EF-AEA5-486A268ED421}.Debug|Any CPU.ActiveCfg = Debug|Any CPU
		{61C74DB3-AD7C-42EF-AEA5-486A268ED421}.Debug|Any CPU.Build.0 = Debug|Any CPU
		{61C74DB3-AD7C-42EF-AEA5-486A268ED421}.Release|Any CPU.ActiveCfg = Release|Any CPU
		{61C74DB3-AD7C-42EF-AEA5-486A268ED421}.Release|Any CPU.Build.0 = Release|Any CPU
		{0F7FF414-EC7A-4006-849C-5A8804DF6FCD}.Debug|Any CPU.ActiveCfg = Debug|Any CPU
		{0F7FF414-EC7A-4006-849C-5A8804DF6FCD}.Debug|Any CPU.Build.0 = Debug|Any CPU
		{0F7FF414-EC7A-4006-849C-5A8804DF6FCD}.Release|Any CPU.ActiveCfg = Release|Any CPU
		{0F7FF414-EC7A-4006-849C-5A8804DF6FCD}.Release|Any CPU.Build.0 = Release|Any CPU
		{A209A012-28D5-4022-AFEF-8BC7415234C0}.Debug|Any CPU.ActiveCfg = Debug|Any CPU
		{A209A012-28D5-4022-AFEF-8BC7415234C0}.Debug|Any CPU.Build.0 = Debug|Any CPU
		{A209A012-28D5-4022-AFEF-8BC7415234C0}.Release|Any CPU.ActiveCfg = Release|Any CPU
		{A209A012-28D5-4022-AFEF-8BC7415234C0}.Release|Any CPU.Build.0 = Release|Any CPU
		{8CC5F984-8298-4592-A1D9-CDA147A2D7C3}.Debug|Any CPU.ActiveCfg = Debug|Any CPU
		{8CC5F984-8298-4592-A1D9-CDA147A2D7C3}.Debug|Any CPU.Build.0 = Debug|Any CPU
		{8CC5F984-8298-4592-A1D9-CDA147A2D7C3}.Release|Any CPU.ActiveCfg = Release|Any CPU
		{8CC5F984-8298-4592-A1D9-CDA147A2D7C3}.Release|Any CPU.Build.0 = Release|Any CPU
		{78FAF686-A9B2-4894-8275-9F1730056A62}.Debug|Any CPU.ActiveCfg = Debug|Any CPU
		{78FAF686-A9B2-4894-8275-9F1730056A62}.Debug|Any CPU.Build.0 = Debug|Any CPU
		{78FAF686-A9B2-4894-8275-9F1730056A62}.Release|Any CPU.ActiveCfg = Release|Any CPU
		{78FAF686-A9B2-4894-8275-9F1730056A62}.Release|Any CPU.Build.0 = Release|Any CPU
		{FBE36608-84E7-47E2-AA3E-F382D78EC7A3}.Debug|Any CPU.ActiveCfg = Debug|Any CPU
		{FBE36608-84E7-47E2-AA3E-F382D78EC7A3}.Debug|Any CPU.Build.0 = Debug|Any CPU
		{FBE36608-84E7-47E2-AA3E-F382D78EC7A3}.Release|Any CPU.ActiveCfg = Release|Any CPU
		{FBE36608-84E7-47E2-AA3E-F382D78EC7A3}.Release|Any CPU.Build.0 = Release|Any CPU
	EndGlobalSection
	GlobalSection(SolutionProperties) = preSolution
		HideSolutionNode = FALSE
	EndGlobalSection
	GlobalSection(ExtensibilityGlobals) = postSolution
		SolutionGuid = {CE4E96F1-CF6B-4AC6-8DDE-95C28E3E26C4}
	EndGlobalSection
EndGlobal
